# THIS IS AN AUTOGENERATED FILE. DO NOT EDIT THIS FILE DIRECTLY.
# yarn lockfile v1


"@babel/helper-validator-identifier@^7.9.5":
  version "7.9.5"
  resolved "https://registry.yarnpkg.com/@babel/helper-validator-identifier/-/helper-validator-identifier-7.9.5.tgz#90977a8e6fbf6b431a7dc31752eee233bf052d80"
  integrity sha512-/8arLKUFq882w4tWGj9JYzRpAlZgiWUJ+dtteNTDqrRBz9Iguck9Rn3ykuBDoUwh2TO4tSAJlrxDUOXWklJe4g==

"@babel/parser@7.9.4":
  version "7.9.4"
  resolved "https://registry.yarnpkg.com/@babel/parser/-/parser-7.9.4.tgz#68a35e6b0319bbc014465be43828300113f2f2e8"
  integrity sha512-bC49otXX6N0/VYhgOMh4gnP26E9xnDZK3TmbNpxYzzz9BQLBosQwfyOe9/cXUU3txYhTzLCbcqd5c8y/OmCjHA==

"@babel/types@7.9.5":
  version "7.9.5"
  resolved "https://registry.yarnpkg.com/@babel/types/-/types-7.9.5.tgz#89231f82915a8a566a703b3b20133f73da6b9444"
  integrity sha512-XjnvNqenk818r5zMaba+sLQjnbda31UfUURv3ei0qPQw4u+j2jMyJ5b11y8ZHYTRSI3NnInQkkkRT4fLqqPdHg==
  dependencies:
    "@babel/helper-validator-identifier" "^7.9.5"
    lodash "^4.17.13"
    to-fast-properties "^2.0.0"

commander@5.0.0:
  version "5.0.0"
  resolved "https://registry.yarnpkg.com/commander/-/commander-5.0.0.tgz#dbf1909b49e5044f8fdaf0adc809f0c0722bdfd0"
  integrity sha512-JrDGPAKjMGSP1G0DUoaceEJ3DZgAfr/q6X7FVk4+U5KxUSKviYGM2k6zWkfyyBHy5rAtzgYJFa1ro2O9PtoxwQ==

lehre@latest:
  version "1.2.1"
  resolved "https://registry.yarnpkg.com/lehre/-/lehre-1.2.1.tgz#a7fad14d5849a23b19df902684a3e49cfef1f335"
  integrity sha512-RF1bhfJkFkZ/tIn/WUOQ+aTu/XdTt1W/R8xmq1vvh8uyRVc2kqz+FC98Lr9gGXQkz311y6gKjeQr1G0fqY8aFg==
  dependencies:
    "@babel/parser" "7.9.4"
    "@babel/types" "7.9.5"
    commander "5.0.0"
    typescript "3.8.3"

lodash@^4.17.13:
  version "4.17.15"
  resolved "https://registry.yarnpkg.com/lodash/-/lodash-4.17.15.tgz#b447f6670a0455bbfeedd11392eff330ea097548"
  integrity sha512-8xOcRHvCjnocdS5cpwXQXVzmmh5e5+saE2QGoeQmbKmRS6J3VQppPOIt0MnmE+4xlZoumy0GPG0D0MVIQbNA1A==

to-fast-properties@^2.0.0:
  version "2.0.0"
  resolved "https://registry.yarnpkg.com/to-fast-properties/-/to-fast-properties-2.0.0.tgz#dc5e698cbd079265bc73e0377681a4e4e83f616e"
  integrity sha1-3F5pjL0HkmW8c+A3doGk5Og/YW4=

typescript@3.8.3:
  version "3.8.3"
  resolved "https://registry.yarnpkg.com/typescript/-/typescript-3.8.3.tgz#409eb8544ea0335711205869ec458ab109ee1061"
  integrity sha512-MYlEfn5VrLNsgudQTVJeNaQFUAI7DkhnOjdpAp4T+ku1TfQClewlbSuTVHiA+8skNBgaf02TL/kLOvig4y3G8w==
