# THIS IS AN AUTOGENERATED FILE. DO NOT EDIT THIS FILE DIRECTLY.
# yarn lockfile v1


"@babel/helper-validator-identifier@^7.14.9":
  version "7.14.9"
  resolved "https://registry.yarnpkg.com/@babel/helper-validator-identifier/-/helper-validator-identifier-7.14.9.tgz#6654d171b2024f6d8ee151bf2509699919131d48"
  integrity sha512-pQYxPY0UP6IHISRitNe8bsijHex4TWZXi2HwKVsjPiltzlhse2znVcm9Ace510VT1kxIHjGJCZZQBX2gJDbo0g==

"@babel/parser@7.15.3":
  version "7.15.3"
  resolved "https://registry.yarnpkg.com/@babel/parser/-/parser-7.15.3.tgz#3416d9bea748052cfcb63dbcc27368105b1ed862"
  integrity sha512-O0L6v/HvqbdJawj0iBEfVQMc3/6WP+AeOsovsIgBFyJaG+W2w7eqvZB7puddATmWuARlm1SX7DwxJ/JJUnDpEA==

"@babel/types@7.15.0":
  version "7.15.0"
  resolved "https://registry.yarnpkg.com/@babel/types/-/types-7.15.0.tgz#61af11f2286c4e9c69ca8deb5f4375a73c72dcbd"
  integrity sha512-OBvfqnllOIdX4ojTHpwZbpvz4j3EWyjkZEdmjH0/cgsd6QOdSgU8rLSk6ard/pcW7rlmjdVSX/AWOaORR1uNOQ==
  dependencies:
    "@babel/helper-validator-identifier" "^7.14.9"
    to-fast-properties "^2.0.0"

commander@8.1.0:
  version "8.1.0"
  resolved "https://registry.yarnpkg.com/commander/-/commander-8.1.0.tgz#db36e3e66edf24ff591d639862c6ab2c52664362"
  integrity sha512-mf45ldcuHSYShkplHHGKWb4TrmwQadxOn7v4WuhDJy0ZVoY5JFajaRDKD0PNe5qXzBX0rhovjTnP6Kz9LETcuA==

lehre@1.5.0:
  version "1.5.0"
  resolved "https://registry.yarnpkg.com/lehre/-/lehre-1.5.0.tgz#0033a098ed84e11a9a677fb0aa22b3a870a7ef10"
  integrity sha512-losvqTzjRh4XluosfWqRboebilABXYE/LnQzuXU0KaO1izt/SyuKQtjynYbWsV0ni5J2eI6Kv2+tMXxPYFmHsg==
  dependencies:
    "@babel/parser" "7.15.3"
    "@babel/types" "7.15.0"
    commander "8.1.0"
    typescript "4.3.5"

to-fast-properties@^2.0.0:
  version "2.0.0"
  resolved "https://registry.yarnpkg.com/to-fast-properties/-/to-fast-properties-2.0.0.tgz#dc5e698cbd079265bc73e0377681a4e4e83f616e"
  integrity sha1-3F5pjL0HkmW8c+A3doGk5Og/YW4=

typescript@4.3.5:
  version "4.3.5"
  resolved "https://registry.yarnpkg.com/typescript/-/typescript-4.3.5.tgz#4d1c37cc16e893973c45a06886b7113234f119f4"
  integrity sha512-DqQgihaQ9cUrskJo9kIyW/+g0Vxsk8cDtZ52a3NGh0YNTfpUSArXSohyUGnvbPazEPLu398C0UxmKSOrPumUzA==
