# THIS IS AN AUTOGENERATED FILE. DO NOT EDIT THIS FILE DIRECTLY.
# yarn lockfile v1


"@babel/helper-validator-identifier@^7.9.5":
  version "7.9.5"
  resolved "https://registry.yarnpkg.com/@babel/helper-validator-identifier/-/helper-validator-identifier-7.9.5.tgz#90977a8e6fbf6b431a7dc31752eee233bf052d80"
  integrity sha512-/8arLKUFq882w4tWGj9JYzRpAlZgiWUJ+dtteNTDqrRBz9Iguck9Rn3ykuBDoUwh2TO4tSAJlrxDUOXWklJe4g==

"@babel/parser@7.9.6":
  version "7.9.6"
  resolved "https://registry.yarnpkg.com/@babel/parser/-/parser-7.9.6.tgz#3b1bbb30dabe600cd72db58720998376ff653bc7"
  integrity sha512-AoeIEJn8vt+d/6+PXDRPaksYhnlbMIiejioBZvvMQsOjW/JYK6k/0dKnvvP3EhK5GfMBWDPtrxRtegWdAcdq9Q==

"@babel/types@7.9.6":
  version "7.9.6"
  resolved "https://registry.yarnpkg.com/@babel/types/-/types-7.9.6.tgz#2c5502b427251e9de1bd2dff95add646d95cc9f7"
  integrity sha512-qxXzvBO//jO9ZnoasKF1uJzHd2+M6Q2ZPIVfnFps8JJvXy0ZBbwbNOmE6SGIY5XOY6d1Bo5lb9d9RJ8nv3WSeA==
  dependencies:
    "@babel/helper-validator-identifier" "^7.9.5"
    lodash "^4.17.13"
    to-fast-properties "^2.0.0"

commander@5.1.0:
  version "5.1.0"
  resolved "https://registry.yarnpkg.com/commander/-/commander-5.1.0.tgz#46abbd1652f8e059bddaef99bbdcb2ad9cf179ae"
  integrity sha512-P0CysNDQ7rtVw4QIQtm+MRxV66vKFSvlsQvGYXZWR3qFU0jlMKHZZZgw8e+8DSah4UDKMqnknRDQz+xuQXQ/Zg==

lehre@1.3.0:
  version "1.3.0"
  resolved "https://registry.yarnpkg.com/lehre/-/lehre-1.3.0.tgz#5bbdd9770bd5a7ed45539d96ee7e13b3e08d83b0"
  integrity sha512-4za8wmao9UQk+S3CPh9GbeTpR5RB0fX2aBTeTHv1olXUvIhR/CRJ15P36HgtKd1af7Ui+sqiUI2gUMTvN6TtiA==
  dependencies:
    "@babel/parser" "7.9.6"
    "@babel/types" "7.9.6"
    commander "5.1.0"
    typescript "3.8.3"

lodash@^4.17.13:
  version "4.17.15"
  resolved "https://registry.yarnpkg.com/lodash/-/lodash-4.17.15.tgz#b447f6670a0455bbfeedd11392eff330ea097548"
  integrity sha512-8xOcRHvCjnocdS5cpwXQXVzmmh5e5+saE2QGoeQmbKmRS6J3VQppPOIt0MnmE+4xlZoumy0GPG0D0MVIQbNA1A==

to-fast-properties@^2.0.0:
  version "2.0.0"
  resolved "https://registry.yarnpkg.com/to-fast-properties/-/to-fast-properties-2.0.0.tgz#dc5e698cbd079265bc73e0377681a4e4e83f616e"
  integrity sha1-3F5pjL0HkmW8c+A3doGk5Og/YW4=

typescript@3.8.3:
  version "3.8.3"
  resolved "https://registry.yarnpkg.com/typescript/-/typescript-3.8.3.tgz#409eb8544ea0335711205869ec458ab109ee1061"
  integrity sha512-MYlEfn5VrLNsgudQTVJeNaQFUAI7DkhnOjdpAp4T+ku1TfQClewlbSuTVHiA+8skNBgaf02TL/kLOvig4y3G8w==
